
Microsoft Visual Studio Solution File, Format Version 12.00
# Visual Studio Version 16
VisualStudioVersion = 16.0.32510.428
MinimumVisualStudioVersion = 10.0.40219.1
Project("{FAE04EC0-301F-11D3-BF4B-00C04F79EFBC}") = "RandomMapGenerator", "RandomMapGenerator.csproj", "{B369DFBC-B264-4A36-9FFD-649314F9CD7D}"
EndProject
Global
	GlobalSection(SolutionConfigurationPlatforms) = preSolution
		Debug|Any CPU = Debug|Any CPU
		Debug|x64 = Debug|x64
		Debug|x86 = Debug|x86
		Release|Any CPU = Release|Any CPU
		Release|x64 = Release|x64
		Release|x86 = Release|x86
	EndGlobalSection
	GlobalSection(ProjectConfigurationPlatforms) = postSolution
		{B369DFBC-B264-4A36-9FFD-649314F9CD7D}.Debug|Any CPU.ActiveCfg = Debug|x86
		{B369DFBC-B264-4A36-9FFD-649314F9CD7D}.Debug|x64.ActiveCfg = Debug|x64
		{B369DFBC-B264-4A36-9FFD-649314F9CD7D}.Debug|x86.ActiveCfg = Debug|x86
		{B369DFBC-B264-4A36-9FFD-649314F9CD7D}.Debug|x86.Build.0 = Debug|x86
		{B369DFBC-B264-4A36-9FFD-649314F9CD7D}.Release|Any CPU.ActiveCfg = Release|x86
		{B369DFBC-B264-4A36-9FFD-649314F9CD7D}.Release|x64.ActiveCfg = Release|x64
		{B369DFBC-B264-4A36-9FFD-649314F9CD7D}.Release|x64.Build.0 = Release|x64
		{B369DFBC-B264-4A36-9FFD-649314F9CD7D}.Release|x86.ActiveCfg = Release|x86
		{B369DFBC-B264-4A36-9FFD-649314F9CD7D}.Release|x86.Build.0 = Release|x86
	EndGlobalSection
	GlobalSection(SolutionProperties) = preSolution
		HideSolutionNode = FALSE
	EndGlobalSection
	GlobalSection(ExtensibilityGlobals) = postSolution
		SolutionGuid = {60C55106-711D-41D3-AFF9-156B66EB6A8E}
	EndGlobalSection
EndGlobal
